// !$*UTF8*$!
{
	archiveVersion = 1;
	classes = {
	};
	objectVersion = 55;
	objects = {

/* Begin PBXBuildFile section */
		555309FB286F586200EB23C3 /* AppDelegate.swift in Sources */ = {isa = PBXBuildFile; fileRef = 555309FA286F586200EB23C3 /* AppDelegate.swift */; };
		555309FD286F586200EB23C3 /* SceneDelegate.swift in Sources */ = {isa = PBXBuildFile; fileRef = 555309FC286F586200EB23C3 /* SceneDelegate.swift */; };
		555309FF286F586200EB23C3 /* MainViewController.swift in Sources */ = {isa = PBXBuildFile; fileRef = 555309FE286F586200EB23C3 /* MainViewController.swift */; };
		55530A02286F586200EB23C3 /* Main.storyboard in Resources */ = {isa = PBXBuildFile; fileRef = 55530A00286F586200EB23C3 /* Main.storyboard */; };
		55530A04286F586400EB23C3 /* Assets.xcassets in Resources */ = {isa = PBXBuildFile; fileRef = 55530A03286F586400EB23C3 /* Assets.xcassets */; };
		55530A07286F586400EB23C3 /* LaunchScreen.storyboard in Resources */ = {isa = PBXBuildFile; fileRef = 55530A05286F586400EB23C3 /* LaunchScreen.storyboard */; };
		55530A11286F591700EB23C3 /* OrcsManager.swift in Sources */ = {isa = PBXBuildFile; fileRef = 55530A10286F591700EB23C3 /* OrcsManager.swift */; };
		55530A15286F5B1500EB23C3 /* BalsamiqSans-Regular.ttf in Resources */ = {isa = PBXBuildFile; fileRef = 55530A14286F5B1500EB23C3 /* BalsamiqSans-Regular.ttf */; };
		55530A17286F5BCE00EB23C3 /* BalsamiqSans-Bold.ttf in Resources */ = {isa = PBXBuildFile; fileRef = 55530A16286F5BCE00EB23C3 /* BalsamiqSans-Bold.ttf */; };
		55530A19286F6A0500EB23C3 /* OrcsEquipmentData.swift in Sources */ = {isa = PBXBuildFile; fileRef = 55530A18286F6A0500EB23C3 /* OrcsEquipmentData.swift */; };
		55530A1B286F6A6E00EB23C3 /* OrcsPersonnelData.swift in Sources */ = {isa = PBXBuildFile; fileRef = 55530A1A286F6A6E00EB23C3 /* OrcsPersonnelData.swift */; };
		55530A1E286F6EB600EB23C3 /* russia_losses_personnel.json in Resources */ = {isa = PBXBuildFile; fileRef = 55530A1D286F6EB600EB23C3 /* russia_losses_personnel.json */; };
		55530A20286F6F3C00EB23C3 /* russia_losses_equipment.json in Resources */ = {isa = PBXBuildFile; fileRef = 55530A1F286F6F3C00EB23C3 /* russia_losses_equipment.json */; };
		55530A22286F73D700EB23C3 /* OrcsModel.swift in Sources */ = {isa = PBXBuildFile; fileRef = 55530A21286F73D700EB23C3 /* OrcsModel.swift */; };
		55530A242870803B00EB23C3 /* Equipment.swift in Sources */ = {isa = PBXBuildFile; fileRef = 55530A232870803B00EB23C3 /* Equipment.swift */; };
		55530A2D2870C05200EB23C3 /* CollectionViewCell.swift in Sources */ = {isa = PBXBuildFile; fileRef = 55530A2B2870C05200EB23C3 /* CollectionViewCell.swift */; };
		55530A2E2870C05200EB23C3 /* CollectionViewCell.xib in Resources */ = {isa = PBXBuildFile; fileRef = 55530A2C2870C05200EB23C3 /* CollectionViewCell.xib */; };
		55DF59652871AC95007211B0 /* UIView+Extension.swift in Sources */ = {isa = PBXBuildFile; fileRef = 55DF59642871AC95007211B0 /* UIView+Extension.swift */; };
		55DF59692871B214007211B0 /* CVCell+Extension.swift in Sources */ = {isa = PBXBuildFile; fileRef = 55DF59682871B214007211B0 /* CVCell+Extension.swift */; };
/* End PBXBuildFile section */

/* Begin PBXFileReference section */
		555309F7286F586200EB23C3 /* orcs.app */ = {isa = PBXFileReference; explicitFileType = wrapper.application; includeInIndex = 0; path = orcs.app; sourceTree = BUILT_PRODUCTS_DIR; };
		555309FA286F586200EB23C3 /* AppDelegate.swift */ = {isa = PBXFileReference; lastKnownFileType = sourcecode.swift; path = AppDelegate.swift; sourceTree = "<group>"; };
		555309FC286F586200EB23C3 /* SceneDelegate.swift */ = {isa = PBXFileReference; lastKnownFileType = sourcecode.swift; path = SceneDelegate.swift; sourceTree = "<group>"; };
		555309FE286F586200EB23C3 /* MainViewController.swift */ = {isa = PBXFileReference; lastKnownFileType = sourcecode.swift; path = MainViewController.swift; sourceTree = "<group>"; };
		55530A01286F586200EB23C3 /* Base */ = {isa = PBXFileReference; lastKnownFileType = file.storyboard; name = Base; path = Base.lproj/Main.storyboard; sourceTree = "<group>"; };
		55530A03286F586400EB23C3 /* Assets.xcassets */ = {isa = PBXFileReference; lastKnownFileType = folder.assetcatalog; path = Assets.xcassets; sourceTree = "<group>"; };
		55530A06286F586400EB23C3 /* Base */ = {isa = PBXFileReference; lastKnownFileType = file.storyboard; name = Base; path = Base.lproj/LaunchScreen.storyboard; sourceTree = "<group>"; };
		55530A08286F586400EB23C3 /* Info.plist */ = {isa = PBXFileReference; lastKnownFileType = text.plist.xml; path = Info.plist; sourceTree = "<group>"; };
		55530A10286F591700EB23C3 /* OrcsManager.swift */ = {isa = PBXFileReference; lastKnownFileType = sourcecode.swift; path = OrcsManager.swift; sourceTree = "<group>"; };
		55530A14286F5B1500EB23C3 /* BalsamiqSans-Regular.ttf */ = {isa = PBXFileReference; lastKnownFileType = file; name = "BalsamiqSans-Regular.ttf"; path = "../../../../../../../Downloads/Balsamiq_Sans/BalsamiqSans-Regular.ttf"; sourceTree = "<group>"; };
		55530A16286F5BCE00EB23C3 /* BalsamiqSans-Bold.ttf */ = {isa = PBXFileReference; lastKnownFileType = file; name = "BalsamiqSans-Bold.ttf"; path = "../../../../../../../Downloads/Balsamiq_Sans/BalsamiqSans-Bold.ttf"; sourceTree = "<group>"; };
		55530A18286F6A0500EB23C3 /* OrcsEquipmentData.swift */ = {isa = PBXFileReference; lastKnownFileType = sourcecode.swift; path = OrcsEquipmentData.swift; sourceTree = "<group>"; };
		55530A1A286F6A6E00EB23C3 /* OrcsPersonnelData.swift */ = {isa = PBXFileReference; lastKnownFileType = sourcecode.swift; path = OrcsPersonnelData.swift; sourceTree = "<group>"; };
		55530A1D286F6EB600EB23C3 /* russia_losses_personnel.json */ = {isa = PBXFileReference; lastKnownFileType = text.json; path = russia_losses_personnel.json; sourceTree = "<group>"; };
		55530A1F286F6F3C00EB23C3 /* russia_losses_equipment.json */ = {isa = PBXFileReference; lastKnownFileType = text.json; path = russia_losses_equipment.json; sourceTree = "<group>"; };
		55530A21286F73D700EB23C3 /* OrcsModel.swift */ = {isa = PBXFileReference; lastKnownFileType = sourcecode.swift; path = OrcsModel.swift; sourceTree = "<group>"; };
		55530A232870803B00EB23C3 /* Equipment.swift */ = {isa = PBXFileReference; lastKnownFileType = sourcecode.swift; path = Equipment.swift; sourceTree = "<group>"; };
		55530A2B2870C05200EB23C3 /* CollectionViewCell.swift */ = {isa = PBXFileReference; lastKnownFileType = sourcecode.swift; path = CollectionViewCell.swift; sourceTree = "<group>"; };
		55530A2C2870C05200EB23C3 /* CollectionViewCell.xib */ = {isa = PBXFileReference; lastKnownFileType = file.xib; path = CollectionViewCell.xib; sourceTree = "<group>"; };
		55DF59642871AC95007211B0 /* UIView+Extension.swift */ = {isa = PBXFileReference; lastKnownFileType = sourcecode.swift; path = "UIView+Extension.swift"; sourceTree = "<group>"; };
		55DF59682871B214007211B0 /* CVCell+Extension.swift */ = {isa = PBXFileReference; lastKnownFileType = sourcecode.swift; path = "CVCell+Extension.swift"; sourceTree = "<group>"; };
/* End PBXFileReference section */

/* Begin PBXFrameworksBuildPhase section */
		555309F4286F586200EB23C3 /* Frameworks */ = {
			isa = PBXFrameworksBuildPhase;
			buildActionMask = 2147483647;
			files = (
			);
			runOnlyForDeploymentPostprocessing = 0;
		};
/* End PBXFrameworksBuildPhase section */

/* Begin PBXGroup section */
		555309EE286F586200EB23C3 = {
			isa = PBXGroup;
			children = (
				555309F9286F586200EB23C3 /* orcs */,
				555309F8286F586200EB23C3 /* Products */,
			);
			sourceTree = "<group>";
		};
		555309F8286F586200EB23C3 /* Products */ = {
			isa = PBXGroup;
			children = (
				555309F7286F586200EB23C3 /* orcs.app */,
			);
			name = Products;
			sourceTree = "<group>";
		};
		555309F9286F586200EB23C3 /* orcs */ = {
			isa = PBXGroup;
			children = (
				555309FA286F586200EB23C3 /* AppDelegate.swift */,
				555309FC286F586200EB23C3 /* SceneDelegate.swift */,
				55530A12286F592300EB23C3 /* Models */,
				55530A0E286F587B00EB23C3 /* Controllers */,
				55530A2A2870C03600EB23C3 /* Cell */,
				55530A0F286F589400EB23C3 /* View */,
				55530A1C286F6E8500EB23C3 /* DataSource */,
				55530A13286F5AFD00EB23C3 /* fonts */,
				55530A03286F586400EB23C3 /* Assets.xcassets */,
				55530A05286F586400EB23C3 /* LaunchScreen.storyboard */,
				55530A08286F586400EB23C3 /* Info.plist */,
			);
			path = orcs;
			sourceTree = "<group>";
		};
		55530A0E286F587B00EB23C3 /* Controllers */ = {
			isa = PBXGroup;
			children = (
				555309FE286F586200EB23C3 /* MainViewController.swift */,
			);
			path = Controllers;
			sourceTree = "<group>";
		};
		55530A0F286F589400EB23C3 /* View */ = {
			isa = PBXGroup;
			children = (
				55530A2F28717EAE00EB23C3 /* Extensions */,
				55530A00286F586200EB23C3 /* Main.storyboard */,
			);
			path = View;
			sourceTree = "<group>";
		};
		55530A12286F592300EB23C3 /* Models */ = {
			isa = PBXGroup;
			children = (
				55530A10286F591700EB23C3 /* OrcsManager.swift */,
				55530A21286F73D700EB23C3 /* OrcsModel.swift */,
				55530A18286F6A0500EB23C3 /* OrcsEquipmentData.swift */,
				55530A1A286F6A6E00EB23C3 /* OrcsPersonnelData.swift */,
				55530A232870803B00EB23C3 /* Equipment.swift */,
			);
			path = Models;
			sourceTree = "<group>";
		};
		55530A13286F5AFD00EB23C3 /* fonts */ = {
			isa = PBXGroup;
			children = (
				55530A14286F5B1500EB23C3 /* BalsamiqSans-Regular.ttf */,
				55530A16286F5BCE00EB23C3 /* BalsamiqSans-Bold.ttf */,
			);
			path = fonts;
			sourceTree = "<group>";
		};
		55530A1C286F6E8500EB23C3 /* DataSource */ = {
			isa = PBXGroup;
			children = (
				55530A1D286F6EB600EB23C3 /* russia_losses_personnel.json */,
				55530A1F286F6F3C00EB23C3 /* russia_losses_equipment.json */,
			);
			path = DataSource;
			sourceTree = "<group>";
		};
		55530A2A2870C03600EB23C3 /* Cell */ = {
			isa = PBXGroup;
			children = (
				55530A2B2870C05200EB23C3 /* CollectionViewCell.swift */,
				55530A2C2870C05200EB23C3 /* CollectionViewCell.xib */,
				55DF59682871B214007211B0 /* CVCell+Extension.swift */,
			);
			path = Cell;
			sourceTree = "<group>";
		};
		55530A2F28717EAE00EB23C3 /* Extensions */ = {
			isa = PBXGroup;
			children = (
				55DF59642871AC95007211B0 /* UIView+Extension.swift */,
			);
			path = Extensions;
			sourceTree = "<group>";
		};
/* End PBXGroup section */

/* Begin PBXNativeTarget section */
		555309F6286F586200EB23C3 /* orcs */ = {
			isa = PBXNativeTarget;
			buildConfigurationList = 55530A0B286F586400EB23C3 /* Build configuration list for PBXNativeTarget "orcs" */;
			buildPhases = (
				555309F3286F586200EB23C3 /* Sources */,
				555309F4286F586200EB23C3 /* Frameworks */,
				555309F5286F586200EB23C3 /* Resources */,
			);
			buildRules = (
			);
			dependencies = (
			);
			name = orcs;
			productName = orcs;
			productReference = 555309F7286F586200EB23C3 /* orcs.app */;
			productType = "com.apple.product-type.application";
		};
/* End PBXNativeTarget section */

/* Begin PBXProject section */
		555309EF286F586200EB23C3 /* Project object */ = {
			isa = PBXProject;
			attributes = {
				BuildIndependentTargetsInParallel = 1;
				LastSwiftUpdateCheck = 1330;
				LastUpgradeCheck = 1330;
				TargetAttributes = {
					555309F6286F586200EB23C3 = {
						CreatedOnToolsVersion = 13.3.1;
					};
				};
			};
			buildConfigurationList = 555309F2286F586200EB23C3 /* Build configuration list for PBXProject "orcs" */;
			compatibilityVersion = "Xcode 13.0";
			developmentRegion = en;
			hasScannedForEncodings = 0;
			knownRegions = (
				en,
				Base,
			);
			mainGroup = 555309EE286F586200EB23C3;
			productRefGroup = 555309F8286F586200EB23C3 /* Products */;
			projectDirPath = "";
			projectRoot = "";
			targets = (
				555309F6286F586200EB23C3 /* orcs */,
			);
		};
/* End PBXProject section */

/* Begin PBXResourcesBuildPhase section */
		555309F5286F586200EB23C3 /* Resources */ = {
			isa = PBXResourcesBuildPhase;
			buildActionMask = 2147483647;
			files = (
				55530A1E286F6EB600EB23C3 /* russia_losses_personnel.json in Resources */,
				55530A07286F586400EB23C3 /* LaunchScreen.storyboard in Resources */,
				55530A04286F586400EB23C3 /* Assets.xcassets in Resources */,
				55530A20286F6F3C00EB23C3 /* russia_losses_equipment.json in Resources */,
				55530A15286F5B1500EB23C3 /* BalsamiqSans-Regular.ttf in Resources */,
				55530A17286F5BCE00EB23C3 /* BalsamiqSans-Bold.ttf in Resources */,
				55530A2E2870C05200EB23C3 /* CollectionViewCell.xib in Resources */,
				55530A02286F586200EB23C3 /* Main.storyboard in Resources */,
			);
			runOnlyForDeploymentPostprocessing = 0;
		};
/* End PBXResourcesBuildPhase section */

/* Begin PBXSourcesBuildPhase section */
		555309F3286F586200EB23C3 /* Sources */ = {
			isa = PBXSourcesBuildPhase;
			buildActionMask = 2147483647;
			files = (
				555309FF286F586200EB23C3 /* MainViewController.swift in Sources */,
				555309FB286F586200EB23C3 /* AppDelegate.swift in Sources */,
				55DF59652871AC95007211B0 /* UIView+Extension.swift in Sources */,
				55530A2D2870C05200EB23C3 /* CollectionViewCell.swift in Sources */,
				55530A242870803B00EB23C3 /* Equipment.swift in Sources */,
				55530A11286F591700EB23C3 /* OrcsManager.swift in Sources */,
				55DF59692871B214007211B0 /* CVCell+Extension.swift in Sources */,
				55530A22286F73D700EB23C3 /* OrcsModel.swift in Sources */,
				55530A1B286F6A6E00EB23C3 /* OrcsPersonnelData.swift in Sources */,
				55530A19286F6A0500EB23C3 /* OrcsEquipmentData.swift in Sources */,
				555309FD286F586200EB23C3 /* SceneDelegate.swift in Sources */,
			);
			runOnlyForDeploymentPostprocessing = 0;
		};
/* End PBXSourcesBuildPhase section */

/* Begin PBXVariantGroup section */
		55530A00286F586200EB23C3 /* Main.storyboard */ = {
			isa = PBXVariantGroup;
			children = (
				55530A01286F586200EB23C3 /* Base */,
			);
			name = Main.storyboard;
			sourceTree = "<group>";
		};
		55530A05286F586400EB23C3 /* LaunchScreen.storyboard */ = {
			isa = PBXVariantGroup;
			children = (
				55530A06286F586400EB23C3 /* Base */,
			);
			name = LaunchScreen.storyboard;
			sourceTree = "<group>";
		};
/* End PBXVariantGroup section */

/* Begin XCBuildConfiguration section */
		55530A09286F586400EB23C3 /* Debug */ = {
			isa = XCBuildConfiguration;
			buildSettings = {
				ALWAYS_SEARCH_USER_PATHS = NO;
				CLANG_ANALYZER_NONNULL = YES;
				CLANG_ANALYZER_NUMBER_OBJECT_CONVERSION = YES_AGGRESSIVE;
				CLANG_CXX_LANGUAGE_STANDARD = "gnu++17";
				CLANG_ENABLE_MODULES = YES;
				CLANG_ENABLE_OBJC_ARC = YES;
				CLANG_ENABLE_OBJC_WEAK = YES;
				CLANG_WARN_BLOCK_CAPTURE_AUTORELEASING = YES;
				CLANG_WARN_BOOL_CONVERSION = YES;
				CLANG_WARN_COMMA = YES;
				CLANG_WARN_CONSTANT_CONVERSION = YES;
				CLANG_WARN_DEPRECATED_OBJC_IMPLEMENTATIONS = YES;
				CLANG_WARN_DIRECT_OBJC_ISA_USAGE = YES_ERROR;
				CLANG_WARN_DOCUMENTATION_COMMENTS = YES;
				CLANG_WARN_EMPTY_BODY = YES;
				CLANG_WARN_ENUM_CONVERSION = YES;
				CLANG_WARN_INFINITE_RECURSION = YES;
				CLANG_WARN_INT_CONVERSION = YES;
				CLANG_WARN_NON_LITERAL_NULL_CONVERSION = YES;
				CLANG_WARN_OBJC_IMPLICIT_RETAIN_SELF = YES;
				CLANG_WARN_OBJC_LITERAL_CONVERSION = YES;
				CLANG_WARN_OBJC_ROOT_CLASS = YES_ERROR;
				CLANG_WARN_QUOTED_INCLUDE_IN_FRAMEWORK_HEADER = YES;
				CLANG_WARN_RANGE_LOOP_ANALYSIS = YES;
				CLANG_WARN_STRICT_PROTOTYPES = YES;
				CLANG_WARN_SUSPICIOUS_MOVE = YES;
				CLANG_WARN_UNGUARDED_AVAILABILITY = YES_AGGRESSIVE;
				CLANG_WARN_UNREACHABLE_CODE = YES;
				CLANG_WARN__DUPLICATE_METHOD_MATCH = YES;
				COPY_PHASE_STRIP = NO;
				DEBUG_INFORMATION_FORMAT = dwarf;
				ENABLE_STRICT_OBJC_MSGSEND = YES;
				ENABLE_TESTABILITY = YES;
				GCC_C_LANGUAGE_STANDARD = gnu11;
				GCC_DYNAMIC_NO_PIC = NO;
				GCC_NO_COMMON_BLOCKS = YES;
				GCC_OPTIMIZATION_LEVEL = 0;
				GCC_PREPROCESSOR_DEFINITIONS = (
					"DEBUG=1",
					"$(inherited)",
				);
				GCC_WARN_64_TO_32_BIT_CONVERSION = YES;
				GCC_WARN_ABOUT_RETURN_TYPE = YES_ERROR;
				GCC_WARN_UNDECLARED_SELECTOR = YES;
				GCC_WARN_UNINITIALIZED_AUTOS = YES_AGGRESSIVE;
				GCC_WARN_UNUSED_FUNCTION = YES;
				GCC_WARN_UNUSED_VARIABLE = YES;
				IPHONEOS_DEPLOYMENT_TARGET = 15.4;
				MTL_ENABLE_DEBUG_INFO = INCLUDE_SOURCE;
				MTL_FAST_MATH = YES;
				ONLY_ACTIVE_ARCH = YES;
				SDKROOT = iphoneos;
				SWIFT_ACTIVE_COMPILATION_CONDITIONS = DEBUG;
				SWIFT_OPTIMIZATION_LEVEL = "-Onone";
			};
			name = Debug;
		};
		55530A0A286F586400EB23C3 /* Release */ = {
			isa = XCBuildConfiguration;
			buildSettings = {
				ALWAYS_SEARCH_USER_PATHS = NO;
				CLANG_ANALYZER_NONNULL = YES;
				CLANG_ANALYZER_NUMBER_OBJECT_CONVERSION = YES_AGGRESSIVE;
				CLANG_CXX_LANGUAGE_STANDARD = "gnu++17";
				CLANG_ENABLE_MODULES = YES;
				CLANG_ENABLE_OBJC_ARC = YES;
				CLANG_ENABLE_OBJC_WEAK = YES;
				CLANG_WARN_BLOCK_CAPTURE_AUTORELEASING = YES;
				CLANG_WARN_BOOL_CONVERSION = YES;
				CLANG_WARN_COMMA = YES;
				CLANG_WARN_CONSTANT_CONVERSION = YES;
				CLANG_WARN_DEPRECATED_OBJC_IMPLEMENTATIONS = YES;
				CLANG_WARN_DIRECT_OBJC_ISA_USAGE = YES_ERROR;
				CLANG_WARN_DOCUMENTATION_COMMENTS = YES;
				CLANG_WARN_EMPTY_BODY = YES;
				CLANG_WARN_ENUM_CONVERSION = YES;
				CLANG_WARN_INFINITE_RECURSION = YES;
				CLANG_WARN_INT_CONVERSION = YES;
				CLANG_WARN_NON_LITERAL_NULL_CONVERSION = YES;
				CLANG_WARN_OBJC_IMPLICIT_RETAIN_SELF = YES;
				CLANG_WARN_OBJC_LITERAL_CONVERSION = YES;
				CLANG_WARN_OBJC_ROOT_CLASS = YES_ERROR;
				CLANG_WARN_QUOTED_INCLUDE_IN_FRAMEWORK_HEADER = YES;
				CLANG_WARN_RANGE_LOOP_ANALYSIS = YES;
				CLANG_WARN_STRICT_PROTOTYPES = YES;
				CLANG_WARN_SUSPICIOUS_MOVE = YES;
				CLANG_WARN_UNGUARDED_AVAILABILITY = YES_AGGRESSIVE;
				CLANG_WARN_UNREACHABLE_CODE = YES;
				CLANG_WARN__DUPLICATE_METHOD_MATCH = YES;
				COPY_PHASE_STRIP = NO;
				DEBUG_INFORMATION_FORMAT = "dwarf-with-dsym";
				ENABLE_NS_ASSERTIONS = NO;
				ENABLE_STRICT_OBJC_MSGSEND = YES;
				GCC_C_LANGUAGE_STANDARD = gnu11;
				GCC_NO_COMMON_BLOCKS = YES;
				GCC_WARN_64_TO_32_BIT_CONVERSION = YES;
				GCC_WARN_ABOUT_RETURN_TYPE = YES_ERROR;
				GCC_WARN_UNDECLARED_SELECTOR = YES;
				GCC_WARN_UNINITIALIZED_AUTOS = YES_AGGRESSIVE;
				GCC_WARN_UNUSED_FUNCTION = YES;
				GCC_WARN_UNUSED_VARIABLE = YES;
				IPHONEOS_DEPLOYMENT_TARGET = 15.4;
				MTL_ENABLE_DEBUG_INFO = NO;
				MTL_FAST_MATH = YES;
				SDKROOT = iphoneos;
				SWIFT_COMPILATION_MODE = wholemodule;
				SWIFT_OPTIMIZATION_LEVEL = "-O";
				VALIDATE_PRODUCT = YES;
			};
			name = Release;
		};
		55530A0C286F586400EB23C3 /* Debug */ = {
			isa = XCBuildConfiguration;
			buildSettings = {
				ASSETCATALOG_COMPILER_APPICON_NAME = AppIcon;
				ASSETCATALOG_COMPILER_GLOBAL_ACCENT_COLOR_NAME = AccentColor;
				CODE_SIGN_STYLE = Automatic;
				CURRENT_PROJECT_VERSION = 1;
				GENERATE_INFOPLIST_FILE = YES;
				INFOPLIST_FILE = orcs/Info.plist;
				INFOPLIST_KEY_UIApplicationSupportsIndirectInputEvents = YES;
				INFOPLIST_KEY_UILaunchStoryboardName = LaunchScreen;
				INFOPLIST_KEY_UIMainStoryboardFile = Main;
				INFOPLIST_KEY_UISupportedInterfaceOrientations = UIInterfaceOrientationPortrait;
				INFOPLIST_KEY_UISupportedInterfaceOrientations_iPad = "UIInterfaceOrientationPortrait UIInterfaceOrientationPortraitUpsideDown UIInterfaceOrientationLandscapeLeft UIInterfaceOrientationLandscapeRight";
				INFOPLIST_KEY_UISupportedInterfaceOrientations_iPhone = "UIInterfaceOrientationPortrait UIInterfaceOrientationLandscapeLeft UIInterfaceOrientationLandscapeRight";
				LD_RUNPATH_SEARCH_PATHS = (
					"$(inherited)",
					"@executable_path/Frameworks",
				);
				MARKETING_VERSION = 1.0;
				PRODUCT_BUNDLE_IDENTIFIER = "com.the-ounce.orcs";
				PRODUCT_NAME = "$(TARGET_NAME)";
				SWIFT_EMIT_LOC_STRINGS = YES;
				SWIFT_VERSION = 5.0;
				TARGETED_DEVICE_FAMILY = "1,2";
			};
			name = Debug;
		};
		55530A0D286F586400EB23C3 /* Release */ = {
			isa = XCBuildConfiguration;
			buildSettings = {
				ASSETCATALOG_COMPILER_APPICON_NAME = AppIcon;
				ASSETCATALOG_COMPILER_GLOBAL_ACCENT_COLOR_NAME = AccentColor;
				CODE_SIGN_STYLE = Automatic;
				CURRENT_PROJECT_VERSION = 1;
				GENERATE_INFOPLIST_FILE = YES;
				INFOPLIST_FILE = orcs/Info.plist;
				INFOPLIST_KEY_UIApplicationSupportsIndirectInputEvents = YES;
				INFOPLIST_KEY_UILaunchStoryboardName = LaunchScreen;
				INFOPLIST_KEY_UIMainStoryboardFile = Main;
				INFOPLIST_KEY_UISupportedInterfaceOrientations = UIInterfaceOrientationPortrait;
				INFOPLIST_KEY_UISupportedInterfaceOrientations_iPad = "UIInterfaceOrientationPortrait UIInterfaceOrientationPortraitUpsideDown UIInterfaceOrientationLandscapeLeft UIInterfaceOrientationLandscapeRight";
				INFOPLIST_KEY_UISupportedInterfaceOrientations_iPhone = "UIInterfaceOrientationPortrait UIInterfaceOrientationLandscapeLeft UIInterfaceOrientationLandscapeRight";
				LD_RUNPATH_SEARCH_PATHS = (
					"$(inherited)",
					"@executable_path/Frameworks",
				);
				MARKETING_VERSION = 1.0;
				PRODUCT_BUNDLE_IDENTIFIER = "com.the-ounce.orcs";
				PRODUCT_NAME = "$(TARGET_NAME)";
				SWIFT_EMIT_LOC_STRINGS = YES;
				SWIFT_VERSION = 5.0;
				TARGETED_DEVICE_FAMILY = "1,2";
			};
			name = Release;
		};
/* End XCBuildConfiguration section */

/* Begin XCConfigurationList section */
		555309F2286F586200EB23C3 /* Build configuration list for PBXProject "orcs" */ = {
			isa = XCConfigurationList;
			buildConfigurations = (
				55530A09286F586400EB23C3 /* Debug */,
				55530A0A286F586400EB23C3 /* Release */,
			);
			defaultConfigurationIsVisible = 0;
			defaultConfigurationName = Release;
		};
		55530A0B286F586400EB23C3 /* Build configuration list for PBXNativeTarget "orcs" */ = {
			isa = XCConfigurationList;
			buildConfigurations = (
				55530A0C286F586400EB23C3 /* Debug */,
				55530A0D286F586400EB23C3 /* Release */,
			);
			defaultConfigurationIsVisible = 0;
			defaultConfigurationName = Release;
		};
/* End XCConfigurationList section */
	};
	rootObject = 555309EF286F586200EB23C3 /* Project object */;
}
